
Microsoft Visual Studio Solution File, Format Version 12.00
# Visual Studio Version 16
VisualStudioVersion = 16.0.30907.101
MinimumVisualStudioVersion = 10.0.40219.1
Project("{2150E333-8FDC-42A3-9474-1A3956D46DE8}") = "src", "src", "{318268DE-8C84-4934-ADB9-6A944DBF199B}"
EndProject
Project("{9A19103F-16F7-4668-BE54-9A1E7A4F7556}") = "PublicApiService", "src\PublicApiService\PublicApiService.csproj", "{7D780EF1-06AD-4482-8D47-48CD8822C102}"
EndProject
Project("{2150E333-8FDC-42A3-9474-1A3956D46DE8}") = "tests", "tests", "{0BCB3AE3-8802-4F13-A0B0-1DC13025DA06}"
EndProject
Project("{FAE04EC0-301F-11D3-BF4B-00C04F79EFBC}") = "PublicApiService.IntegrationTests", "tests\PublicApiService.IntegrationTests\PublicApiService.IntegrationTests.csproj", "{16B13A6E-71A5-4875-BA9E-7CD0F24460BF}"
EndProject
Global
	GlobalSection(SolutionConfigurationPlatforms) = preSolution
		Debug|Any CPU = Debug|Any CPU
		Release|Any CPU = Release|Any CPU
	EndGlobalSection
	GlobalSection(ProjectConfigurationPlatforms) = postSolution
		{7D780EF1-06AD-4482-8D47-48CD8822C102}.Debug|Any CPU.ActiveCfg = Debug|Any CPU
		{7D780EF1-06AD-4482-8D47-48CD8822C102}.Debug|Any CPU.Build.0 = Debug|Any CPU
		{7D780EF1-06AD-4482-8D47-48CD8822C102}.Release|Any CPU.ActiveCfg = Release|Any CPU
		{7D780EF1-06AD-4482-8D47-48CD8822C102}.Release|Any CPU.Build.0 = Release|Any CPU
		{16B13A6E-71A5-4875-BA9E-7CD0F24460BF}.Debug|Any CPU.ActiveCfg = Debug|Any CPU
		{16B13A6E-71A5-4875-BA9E-7CD0F24460BF}.Debug|Any CPU.Build.0 = Debug|Any CPU
		{16B13A6E-71A5-4875-BA9E-7CD0F24460BF}.Release|Any CPU.ActiveCfg = Release|Any CPU
		{16B13A6E-71A5-4875-BA9E-7CD0F24460BF}.Release|Any CPU.Build.0 = Release|Any CPU
	EndGlobalSection
	GlobalSection(SolutionProperties) = preSolution
		HideSolutionNode = FALSE
	EndGlobalSection
	GlobalSection(NestedProjects) = preSolution
		{7D780EF1-06AD-4482-8D47-48CD8822C102} = {318268DE-8C84-4934-ADB9-6A944DBF199B}
		{16B13A6E-71A5-4875-BA9E-7CD0F24460BF} = {0BCB3AE3-8802-4F13-A0B0-1DC13025DA06}
	EndGlobalSection
	GlobalSection(ExtensibilityGlobals) = postSolution
		SolutionGuid = {A1E5A42E-55DC-45BE-BA73-507E66AA59AA}
	EndGlobalSection
EndGlobal
